// !$*UTF8*$!
{
	archiveVersion = 1;
	classes = {
	};
	objectVersion = 46;
	objects = {

/* Begin PBXBuildFile section */
		A90134B31E8D90E500569188 /* AppDelegate.swift in Sources */ = {isa = PBXBuildFile; fileRef = A90134B21E8D90E500569188 /* AppDelegate.swift */; };
		A90134B51E8D90E500569188 /* ViewController.swift in Sources */ = {isa = PBXBuildFile; fileRef = A90134B41E8D90E500569188 /* ViewController.swift */; };
		A90134B81E8D90E500569188 /* Main.storyboard in Resources */ = {isa = PBXBuildFile; fileRef = A90134B61E8D90E500569188 /* Main.storyboard */; };
		A90134BA1E8D90E500569188 /* Assets.xcassets in Resources */ = {isa = PBXBuildFile; fileRef = A90134B91E8D90E500569188 /* Assets.xcassets */; };
		A90134C61E8D917600569188 /* LaunchScreen.xib in Resources */ = {isa = PBXBuildFile; fileRef = A90134C41E8D917600569188 /* LaunchScreen.xib */; };
/* End PBXBuildFile section */

/* Begin PBXFileReference section */
		A90134AF1E8D90E500569188 /* KeyboardNotification.app */ = {isa = PBXFileReference; explicitFileType = wrapper.application; includeInIndex = 0; path = KeyboardNotification.app; sourceTree = BUILT_PRODUCTS_DIR; };
		A90134B21E8D90E500569188 /* AppDelegate.swift */ = {isa = PBXFileReference; lastKnownFileType = sourcecode.swift; path = AppDelegate.swift; sourceTree = "<group>"; };
		A90134B41E8D90E500569188 /* ViewController.swift */ = {isa = PBXFileReference; lastKnownFileType = sourcecode.swift; path = ViewController.swift; sourceTree = "<group>"; };
		A90134B71E8D90E500569188 /* Base */ = {isa = PBXFileReference; lastKnownFileType = file.storyboard; name = Base; path = Base.lproj/Main.storyboard; sourceTree = "<group>"; };
		A90134B91E8D90E500569188 /* Assets.xcassets */ = {isa = PBXFileReference; lastKnownFileType = folder.assetcatalog; path = Assets.xcassets; sourceTree = "<group>"; };
		A90134BE1E8D90E500569188 /* Info.plist */ = {isa = PBXFileReference; lastKnownFileType = text.plist.xml; path = Info.plist; sourceTree = "<group>"; };
		A90134C51E8D917600569188 /* Base */ = {isa = PBXFileReference; lastKnownFileType = file.xib; name = Base; path = Base.lproj/LaunchScreen.xib; sourceTree = "<group>"; };
/* End PBXFileReference section */

/* Begin PBXFrameworksBuildPhase section */
		A90134AC1E8D90E500569188 /* Frameworks */ = {
			isa = PBXFrameworksBuildPhase;
			buildActionMask = 2147483647;
			files = (
			);
			runOnlyForDeploymentPostprocessing = 0;
		};
/* End PBXFrameworksBuildPhase section */

/* Begin PBXGroup section */
		A90134A61E8D90E500569188 = {
			isa = PBXGroup;
			children = (
				A90134B11E8D90E500569188 /* KeyboardNotification */,
				A90134B01E8D90E500569188 /* Products */,
			);
			sourceTree = "<group>";
		};
		A90134B01E8D90E500569188 /* Products */ = {
			isa = PBXGroup;
			children = (
				A90134AF1E8D90E500569188 /* KeyboardNotification.app */,
			);
			name = Products;
			sourceTree = "<group>";
		};
		A90134B11E8D90E500569188 /* KeyboardNotification */ = {
			isa = PBXGroup;
			children = (
				A90134B21E8D90E500569188 /* AppDelegate.swift */,
				A90134B41E8D90E500569188 /* ViewController.swift */,
				A90134B61E8D90E500569188 /* Main.storyboard */,
				A90134C41E8D917600569188 /* LaunchScreen.xib */,
				A90134B91E8D90E500569188 /* Assets.xcassets */,
				A90134BE1E8D90E500569188 /* Info.plist */,
			);
			path = KeyboardNotification;
			sourceTree = "<group>";
		};
/* End PBXGroup section */

/* Begin PBXNativeTarget section */
		A90134AE1E8D90E500569188 /* KeyboardNotification */ = {
			isa = PBXNativeTarget;
			buildConfigurationList = A90134C11E8D90E500569188 /* Build configuration list for PBXNativeTarget "KeyboardNotification" */;
			buildPhases = (
				A90134AB1E8D90E500569188 /* Sources */,
				A90134AC1E8D90E500569188 /* Frameworks */,
				A90134AD1E8D90E500569188 /* Resources */,
			);
			buildRules = (
			);
			dependencies = (
			);
			name = KeyboardNotification;
			productName = KeyboardNotification;
			productReference = A90134AF1E8D90E500569188 /* KeyboardNotification.app */;
			productType = "com.apple.product-type.application";
		};
/* End PBXNativeTarget section */

/* Begin PBXProject section */
		A90134A71E8D90E500569188 /* Project object */ = {
			isa = PBXProject;
			attributes = {
				LastSwiftUpdateCheck = 0830;
				LastUpgradeCheck = 0830;
				ORGANIZATIONNAME = Udacity;
				TargetAttributes = {
					A90134AE1E8D90E500569188 = {
						CreatedOnToolsVersion = 8.3;
						DevelopmentTeam = AT7S4C746C;
						ProvisioningStyle = Automatic;
					};
				};
			};
			buildConfigurationList = A90134AA1E8D90E500569188 /* Build configuration list for PBXProject "KeyboardNotification" */;
			compatibilityVersion = "Xcode 3.2";
			developmentRegion = English;
			hasScannedForEncodings = 0;
			knownRegions = (
				en,
				Base,
			);
			mainGroup = A90134A61E8D90E500569188;
			productRefGroup = A90134B01E8D90E500569188 /* Products */;
			projectDirPath = "";
			projectRoot = "";
			targets = (
				A90134AE1E8D90E500569188 /* KeyboardNotification */,
			);
		};
/* End PBXProject section */

/* Begin PBXResourcesBuildPhase section */
		A90134AD1E8D90E500569188 /* Resources */ = {
			isa = PBXResourcesBuildPhase;
			buildActionMask = 2147483647;
			files = (
				A90134BA1E8D90E500569188 /* Assets.xcassets in Resources */,
				A90134C61E8D917600569188 /* LaunchScreen.xib in Resources */,
				A90134B81E8D90E500569188 /* Main.storyboard in Resources */,
			);
			runOnlyForDeploymentPostprocessing = 0;
		};
/* End PBXResourcesBuildPhase section */

/* Begin PBXSourcesBuildPhase section */
		A90134AB1E8D90E500569188 /* Sources */ = {
			isa = PBXSourcesBuildPhase;
			buildActionMask = 2147483647;
			files = (
				A90134B51E8D90E500569188 /* ViewController.swift in Sources */,
				A90134B31E8D90E500569188 /* AppDelegate.swift in Sources */,
			);
			runOnlyForDeploymentPostprocessing = 0;
		};
/* End PBXSourcesBuildPhase section */

/* Begin PBXVariantGroup section */
		A90134B61E8D90E500569188 /* Main.storyboard */ = {
			isa = PBXVariantGroup;
			children = (
				A90134B71E8D90E500569188 /* Base */,
			);
			name = Main.storyboard;
			sourceTree = "<group>";
		};
		A90134C41E8D917600569188 /* LaunchScreen.xib */ = {
			isa = PBXVariantGroup;
			children = (
				A90134C51E8D917600569188 /* Base */,
			);
			name = LaunchScreen.xib;
			sourceTree = "<group>";
		};
/* End PBXVariantGroup section */

/* Begin XCBuildConfiguration section */
		A90134BF1E8D90E500569188 /* Debug */ = {
			isa = XCBuildConfiguration;
			buildSettings = {
				ALWAYS_SEARCH_USER_PATHS = NO;
				CLANG_ANALYZER_NONNULL = YES;
				CLANG_ANALYZER_NUMBER_OBJECT_CONVERSION = YES_AGGRESSIVE;
				CLANG_CXX_LANGUAGE_STANDARD = "gnu++0x";
				CLANG_CXX_LIBRARY = "libc++";
				CLANG_ENABLE_MODULES = YES;
				CLANG_ENABLE_OBJC_ARC = YES;
				CLANG_WARN_BOOL_CONVERSION = YES;
				CLANG_WARN_CONSTANT_CONVERSION = YES;
				CLANG_WARN_DIRECT_OBJC_ISA_USAGE = YES_ERROR;
				CLANG_WARN_DOCUMENTATION_COMMENTS = YES;
				CLANG_WARN_EMPTY_BODY = YES;
				CLANG_WARN_ENUM_CONVERSION = YES;
				CLANG_WARN_INFINITE_RECURSION = YES;
				CLANG_WARN_INT_CONVERSION = YES;
				CLANG_WARN_OBJC_ROOT_CLASS = YES_ERROR;
				CLANG_WARN_SUSPICIOUS_MOVE = YES;
				CLANG_WARN_UNREACHABLE_CODE = YES;
				CLANG_WARN__DUPLICATE_METHOD_MATCH = YES;
				"CODE_SIGN_IDENTITY[sdk=iphoneos*]" = "iPhone Developer";
				COPY_PHASE_STRIP = NO;
				DEBUG_INFORMATION_FORMAT = dwarf;
				ENABLE_STRICT_OBJC_MSGSEND = YES;
				ENABLE_TESTABILITY = YES;
				GCC_C_LANGUAGE_STANDARD = gnu99;
				GCC_DYNAMIC_NO_PIC = NO;
				GCC_NO_COMMON_BLOCKS = YES;
				GCC_OPTIMIZATION_LEVEL = 0;
				GCC_PREPROCESSOR_DEFINITIONS = (
					"DEBUG=1",
					"$(inherited)",
				);
				GCC_WARN_64_TO_32_BIT_CONVERSION = YES;
				GCC_WARN_ABOUT_RETURN_TYPE = YES_ERROR;
				GCC_WARN_UNDECLARED_SELECTOR = YES;
				GCC_WARN_UNINITIALIZED_AUTOS = YES_AGGRESSIVE;
				GCC_WARN_UNUSED_FUNCTION = YES;
				GCC_WARN_UNUSED_VARIABLE = YES;
				IPHONEOS_DEPLOYMENT_TARGET = 10.3;
				MTL_ENABLE_DEBUG_INFO = YES;
				ONLY_ACTIVE_ARCH = YES;
				SDKROOT = iphoneos;
				SWIFT_ACTIVE_COMPILATION_CONDITIONS = DEBUG;
				SWIFT_OPTIMIZATION_LEVEL = "-Onone";
				TARGETED_DEVICE_FAMILY = "1,2";
			};
			name = Debug;
		};
		A90134C01E8D90E500569188 /* Release */ = {
			isa = XCBuildConfiguration;
			buildSettings = {
				ALWAYS_SEARCH_USER_PATHS = NO;
				CLANG_ANALYZER_NONNULL = YES;
				CLANG_ANALYZER_NUMBER_OBJECT_CONVERSION = YES_AGGRESSIVE;
				CLANG_CXX_LANGUAGE_STANDARD = "gnu++0x";
				CLANG_CXX_LIBRARY = "libc++";
				CLANG_ENABLE_MODULES = YES;
				CLANG_ENABLE_OBJC_ARC = YES;
				CLANG_WARN_BOOL_CONVERSION = YES;
				CLANG_WARN_CONSTANT_CONVERSION = YES;
				CLANG_WARN_DIRECT_OBJC_ISA_USAGE = YES_ERROR;
				CLANG_WARN_DOCUMENTATION_COMMENTS = YES;
				CLANG_WARN_EMPTY_BODY = YES;
				CLANG_WARN_ENUM_CONVERSION = YES;
				CLANG_WARN_INFINITE_RECURSION = YES;
				CLANG_WARN_INT_CONVERSION = YES;
				CLANG_WARN_OBJC_ROOT_CLASS = YES_ERROR;
				CLANG_WARN_SUSPICIOUS_MOVE = YES;
				CLANG_WARN_UNREACHABLE_CODE = YES;
				CLANG_WARN__DUPLICATE_METHOD_MATCH = YES;
				"CODE_SIGN_IDENTITY[sdk=iphoneos*]" = "iPhone Developer";
				COPY_PHASE_STRIP = NO;
				DEBUG_INFORMATION_FORMAT = "dwarf-with-dsym";
				ENABLE_NS_ASSERTIONS = NO;
				ENABLE_STRICT_OBJC_MSGSEND = YES;
				GCC_C_LANGUAGE_STANDARD = gnu99;
				GCC_NO_COMMON_BLOCKS = YES;
				GCC_WARN_64_TO_32_BIT_CONVERSION = YES;
				GCC_WARN_ABOUT_RETURN_TYPE = YES_ERROR;
				GCC_WARN_UNDECLARED_SELECTOR = YES;
				GCC_WARN_UNINITIALIZED_AUTOS = YES_AGGRESSIVE;
				GCC_WARN_UNUSED_FUNCTION = YES;
				GCC_WARN_UNUSED_VARIABLE = YES;
				IPHONEOS_DEPLOYMENT_TARGET = 10.3;
				MTL_ENABLE_DEBUG_INFO = NO;
				SDKROOT = iphoneos;
				SWIFT_OPTIMIZATION_LEVEL = "-Owholemodule";
				TARGETED_DEVICE_FAMILY = "1,2";
				VALIDATE_PRODUCT = YES;
			};
			name = Release;
		};
		A90134C21E8D90E500569188 /* Debug */ = {
			isa = XCBuildConfiguration;
			buildSettings = {
				ASSETCATALOG_COMPILER_APPICON_NAME = AppIcon;
				DEVELOPMENT_TEAM = AT7S4C746C;
				INFOPLIST_FILE = KeyboardNotification/Info.plist;
				LD_RUNPATH_SEARCH_PATHS = "$(inherited) @executable_path/Frameworks";
				PRODUCT_BUNDLE_IDENTIFIER = com.udacity.KeyboardNotification;
				PRODUCT_NAME = "$(TARGET_NAME)";
				SWIFT_VERSION = 3.0;
			};
			name = Debug;
		};
		A90134C31E8D90E500569188 /* Release */ = {
			isa = XCBuildConfiguration;
			buildSettings = {
				ASSETCATALOG_COMPILER_APPICON_NAME = AppIcon;
				DEVELOPMENT_TEAM = AT7S4C746C;
				INFOPLIST_FILE = KeyboardNotification/Info.plist;
				LD_RUNPATH_SEARCH_PATHS = "$(inherited) @executable_path/Frameworks";
				PRODUCT_BUNDLE_IDENTIFIER = com.udacity.KeyboardNotification;
				PRODUCT_NAME = "$(TARGET_NAME)";
				SWIFT_VERSION = 3.0;
			};
			name = Release;
		};
/* End XCBuildConfiguration section */

/* Begin XCConfigurationList section */
		A90134AA1E8D90E500569188 /* Build configuration list for PBXProject "KeyboardNotification" */ = {
			isa = XCConfigurationList;
			buildConfigurations = (
				A90134BF1E8D90E500569188 /* Debug */,
				A90134C01E8D90E500569188 /* Release */,
			);
			defaultConfigurationIsVisible = 0;
			defaultConfigurationName = Release;
		};
		A90134C11E8D90E500569188 /* Build configuration list for PBXNativeTarget "KeyboardNotification" */ = {
			isa = XCConfigurationList;
			buildConfigurations = (
				A90134C21E8D90E500569188 /* Debug */,
				A90134C31E8D90E500569188 /* Release */,
			);
			defaultConfigurationIsVisible = 0;
		};
/* End XCConfigurationList section */
	};
	rootObject = A90134A71E8D90E500569188 /* Project object */;
}
